# This file is automatically @generated by Cargo.
# It is not intended for manual editing.
version = 3

[[package]]
name = "core_simd"
version = "0.1.0"
source = "git+https://github.com/rust-lang/portable-simd.git#7c7dbe0c505ccbc02ff30c1e37381ab1d47bf46f"

[[package]]
name = "sodium-core"
version = "0.1.0"
dependencies = [
 "core_simd",
 "std_float",
]

[[package]]
name = "std_float"
version = "0.1.0"
source = "git+https://github.com/rust-lang/portable-simd.git#7c7dbe0c505ccbc02ff30c1e37381ab1d47bf46f"
dependencies = [
 "core_simd",
]
